
Microsoft Visual Studio Solution File, Format Version 12.00
# Visual Studio 14
VisualStudioVersion = 14.0.25420.1
MinimumVisualStudioVersion = 10.0.40219.1
Project("{FAE04EC0-301F-11D3-BF4B-00C04F79EFBC}") = "Resistile", "Resistile.csproj", "{6E764D43-78FD-ACE8-024E-F007CD28E35F}"
EndProject
Project("{FAE04EC0-301F-11D3-BF4B-00C04F79EFBC}") = "ResistileServer", "Assets\Scripts\ResistileServer\ResistileServer.csproj", "{71AE4D4D-6F05-4AD8-B41B-191581668C7A}"
EndProject
Project("{FAE04EC0-301F-11D3-BF4B-00C04F79EFBC}") = "ResistileClient", "Assets\Scripts\ResistileClient\ResistileClient.csproj", "{82A52894-9313-46CA-8169-A781979142B2}"
EndProject
Global
	GlobalSection(SolutionConfigurationPlatforms) = preSolution
		Debug|Any CPU = Debug|Any CPU
		Release|Any CPU = Release|Any CPU
	EndGlobalSection
	GlobalSection(ProjectConfigurationPlatforms) = postSolution
		{6E764D43-78FD-ACE8-024E-F007CD28E35F}.Debug|Any CPU.ActiveCfg = Debug|Any CPU
		{6E764D43-78FD-ACE8-024E-F007CD28E35F}.Debug|Any CPU.Build.0 = Debug|Any CPU
		{6E764D43-78FD-ACE8-024E-F007CD28E35F}.Release|Any CPU.ActiveCfg = Release|Any CPU
		{6E764D43-78FD-ACE8-024E-F007CD28E35F}.Release|Any CPU.Build.0 = Release|Any CPU
		{71AE4D4D-6F05-4AD8-B41B-191581668C7A}.Debug|Any CPU.ActiveCfg = Debug|Any CPU
		{71AE4D4D-6F05-4AD8-B41B-191581668C7A}.Debug|Any CPU.Build.0 = Debug|Any CPU
		{71AE4D4D-6F05-4AD8-B41B-191581668C7A}.Release|Any CPU.ActiveCfg = Release|Any CPU
		{71AE4D4D-6F05-4AD8-B41B-191581668C7A}.Release|Any CPU.Build.0 = Release|Any CPU
		{82A52894-9313-46CA-8169-A781979142B2}.Debug|Any CPU.ActiveCfg = Debug|Any CPU
		{82A52894-9313-46CA-8169-A781979142B2}.Debug|Any CPU.Build.0 = Debug|Any CPU
		{82A52894-9313-46CA-8169-A781979142B2}.Release|Any CPU.ActiveCfg = Release|Any CPU
		{82A52894-9313-46CA-8169-A781979142B2}.Release|Any CPU.Build.0 = Release|Any CPU
	EndGlobalSection
	GlobalSection(SolutionProperties) = preSolution
		HideSolutionNode = FALSE
	EndGlobalSection
EndGlobal
